// !$*UTF8*$!
{
	archiveVersion = 1;
	classes = {
	};
	objectVersion = 46;
	objects = {

/* Begin PBXBuildFile section */
		15073378154DD54400DA2877 /* lorem.txt in Resources */ = {isa = PBXBuildFile; fileRef = 15073377154DD54400DA2877 /* lorem.txt */; };
		1507337B154DD61500DA2877 /* NSString+LoremIpsum.m in Sources */ = {isa = PBXBuildFile; fileRef = 1507337A154DD61500DA2877 /* NSString+LoremIpsum.m */; };
		15F52BE0154DDC1C0084DFB1 /* UIView+LoadFromNib.m in Sources */ = {isa = PBXBuildFile; fileRef = 15F52BDF154DDC1C0084DFB1 /* UIView+LoadFromNib.m */; };
		15F52BE5154DDD3E0084DFB1 /* CSBulletListViewController.m in Sources */ = {isa = PBXBuildFile; fileRef = 15F52BE4154DDD3E0084DFB1 /* CSBulletListViewController.m */; };
		15F52BE8154DDDA10084DFB1 /* CSBulletListView.m in Sources */ = {isa = PBXBuildFile; fileRef = 15F52BE7154DDDA10084DFB1 /* CSBulletListView.m */; };
		15F52BEB154DDE000084DFB1 /* CSBulletListItemView.m in Sources */ = {isa = PBXBuildFile; fileRef = 15F52BEA154DDE000084DFB1 /* CSBulletListItemView.m */; };
		15F52BED154DDE260084DFB1 /* CSBulletListItemView.xib in Resources */ = {isa = PBXBuildFile; fileRef = 15F52BEC154DDE260084DFB1 /* CSBulletListItemView.xib */; };
		15F52BF0154DEED40084DFB1 /* CSBulletListViewController.xib in Resources */ = {isa = PBXBuildFile; fileRef = 15F52BEF154DEED40084DFB1 /* CSBulletListViewController.xib */; };
		15F8EF56151DAB2400C6CEBF /* UIKit.framework in Frameworks */ = {isa = PBXBuildFile; fileRef = 15F8EF55151DAB2400C6CEBF /* UIKit.framework */; };
		15F8EF58151DAB2400C6CEBF /* Foundation.framework in Frameworks */ = {isa = PBXBuildFile; fileRef = 15F8EF57151DAB2400C6CEBF /* Foundation.framework */; };
		15F8EF5A151DAB2400C6CEBF /* CoreGraphics.framework in Frameworks */ = {isa = PBXBuildFile; fileRef = 15F8EF59151DAB2400C6CEBF /* CoreGraphics.framework */; };
		15F8EF81151DACD100C6CEBF /* CSAppDelegate.m in Sources */ = {isa = PBXBuildFile; fileRef = 15F8EF7D151DACD100C6CEBF /* CSAppDelegate.m */; };
		15F8EF82151DACD100C6CEBF /* CSMainViewController.m in Sources */ = {isa = PBXBuildFile; fileRef = 15F8EF7F151DACD100C6CEBF /* CSMainViewController.m */; };
		15F8EF88151DACE100C6CEBF /* main.m in Sources */ = {isa = PBXBuildFile; fileRef = 15F8EF86151DACE100C6CEBF /* main.m */; };
		15F8EF94151DAE5B00C6CEBF /* CSLinearLayoutView.m in Sources */ = {isa = PBXBuildFile; fileRef = 15F8EF92151DAE5B00C6CEBF /* CSLinearLayoutView.m */; settings = {COMPILER_FLAGS = "-fobjc-arc"; }; };
		15F8EFB0151ED34D00C6CEBF /* CSVerticalViewController.m in Sources */ = {isa = PBXBuildFile; fileRef = 15F8EFAF151ED34D00C6CEBF /* CSVerticalViewController.m */; };
		15F8EFB9151ED9ED00C6CEBF /* UIColor+RandomColor.m in Sources */ = {isa = PBXBuildFile; fileRef = 15F8EFB8151ED9ED00C6CEBF /* UIColor+RandomColor.m */; };
		15F8EFBC151EDF6D00C6CEBF /* CSHorizontalViewController.m in Sources */ = {isa = PBXBuildFile; fileRef = 15F8EFBB151EDF6D00C6CEBF /* CSHorizontalViewController.m */; };
		15F8EFC0151F6F5900C6CEBF /* CSOrientationSwitchViewController.m in Sources */ = {isa = PBXBuildFile; fileRef = 15F8EFBE151F6F5800C6CEBF /* CSOrientationSwitchViewController.m */; };
		15F8EFC1151F6F5900C6CEBF /* CSOrientationSwitchViewController.xib in Resources */ = {isa = PBXBuildFile; fileRef = 15F8EFBF151F6F5800C6CEBF /* CSOrientationSwitchViewController.xib */; };
		15F8EFC4151F911900C6CEBF /* CSAlignmentViewController.m in Sources */ = {isa = PBXBuildFile; fileRef = 15F8EFC3151F911900C6CEBF /* CSAlignmentViewController.m */; };
		15F8EFC6151F91D900C6CEBF /* QuartzCore.framework in Frameworks */ = {isa = PBXBuildFile; fileRef = 15F8EFC5151F91D900C6CEBF /* QuartzCore.framework */; };
		15F8EFC8151F91F100C6CEBF /* CSAlignmentViewController.xib in Resources */ = {isa = PBXBuildFile; fileRef = 15F8EFC7151F91F100C6CEBF /* CSAlignmentViewController.xib */; };
		E02E749616850224000A8279 /* Default-568h@2x.png in Resources */ = {isa = PBXBuildFile; fileRef = E02E749516850224000A8279 /* Default-568h@2x.png */; };
/* End PBXBuildFile section */

/* Begin PBXFileReference section */
		15073377154DD54400DA2877 /* lorem.txt */ = {isa = PBXFileReference; fileEncoding = 4; lastKnownFileType = text; path = lorem.txt; sourceTree = "<group>"; };
		15073379154DD61500DA2877 /* NSString+LoremIpsum.h */ = {isa = PBXFileReference; fileEncoding = 4; lastKnownFileType = sourcecode.c.h; path = "NSString+LoremIpsum.h"; sourceTree = "<group>"; };
		1507337A154DD61500DA2877 /* NSString+LoremIpsum.m */ = {isa = PBXFileReference; fileEncoding = 4; lastKnownFileType = sourcecode.c.objc; path = "NSString+LoremIpsum.m"; sourceTree = "<group>"; };
		15F52BDE154DDC1C0084DFB1 /* UIView+LoadFromNib.h */ = {isa = PBXFileReference; fileEncoding = 4; lastKnownFileType = sourcecode.c.h; path = "UIView+LoadFromNib.h"; sourceTree = "<group>"; };
		15F52BDF154DDC1C0084DFB1 /* UIView+LoadFromNib.m */ = {isa = PBXFileReference; fileEncoding = 4; lastKnownFileType = sourcecode.c.objc; path = "UIView+LoadFromNib.m"; sourceTree = "<group>"; };
		15F52BE3154DDD3E0084DFB1 /* CSBulletListViewController.h */ = {isa = PBXFileReference; fileEncoding = 4; lastKnownFileType = sourcecode.c.h; path = CSBulletListViewController.h; sourceTree = "<group>"; };
		15F52BE4154DDD3E0084DFB1 /* CSBulletListViewController.m */ = {isa = PBXFileReference; fileEncoding = 4; lastKnownFileType = sourcecode.c.objc; path = CSBulletListViewController.m; sourceTree = "<group>"; };
		15F52BE6154DDDA10084DFB1 /* CSBulletListView.h */ = {isa = PBXFileReference; fileEncoding = 4; lastKnownFileType = sourcecode.c.h; path = CSBulletListView.h; sourceTree = "<group>"; };
		15F52BE7154DDDA10084DFB1 /* CSBulletListView.m */ = {isa = PBXFileReference; fileEncoding = 4; lastKnownFileType = sourcecode.c.objc; path = CSBulletListView.m; sourceTree = "<group>"; };
		15F52BE9154DDE000084DFB1 /* CSBulletListItemView.h */ = {isa = PBXFileReference; fileEncoding = 4; lastKnownFileType = sourcecode.c.h; path = CSBulletListItemView.h; sourceTree = "<group>"; };
		15F52BEA154DDE000084DFB1 /* CSBulletListItemView.m */ = {isa = PBXFileReference; fileEncoding = 4; lastKnownFileType = sourcecode.c.objc; path = CSBulletListItemView.m; sourceTree = "<group>"; };
		15F52BEC154DDE260084DFB1 /* CSBulletListItemView.xib */ = {isa = PBXFileReference; fileEncoding = 4; lastKnownFileType = file.xib; path = CSBulletListItemView.xib; sourceTree = "<group>"; };
		15F52BEF154DEED40084DFB1 /* CSBulletListViewController.xib */ = {isa = PBXFileReference; fileEncoding = 4; lastKnownFileType = file.xib; path = CSBulletListViewController.xib; sourceTree = "<group>"; };
		15F8EF51151DAB2400C6CEBF /* CSLinearLayoutViewDemo.app */ = {isa = PBXFileReference; explicitFileType = wrapper.application; includeInIndex = 0; path = CSLinearLayoutViewDemo.app; sourceTree = BUILT_PRODUCTS_DIR; };
		15F8EF55151DAB2400C6CEBF /* UIKit.framework */ = {isa = PBXFileReference; lastKnownFileType = wrapper.framework; name = UIKit.framework; path = System/Library/Frameworks/UIKit.framework; sourceTree = SDKROOT; };
		15F8EF57151DAB2400C6CEBF /* Foundation.framework */ = {isa = PBXFileReference; lastKnownFileType = wrapper.framework; name = Foundation.framework; path = System/Library/Frameworks/Foundation.framework; sourceTree = SDKROOT; };
		15F8EF59151DAB2400C6CEBF /* CoreGraphics.framework */ = {isa = PBXFileReference; lastKnownFileType = wrapper.framework; name = CoreGraphics.framework; path = System/Library/Frameworks/CoreGraphics.framework; sourceTree = SDKROOT; };
		15F8EF7C151DACD100C6CEBF /* CSAppDelegate.h */ = {isa = PBXFileReference; fileEncoding = 4; lastKnownFileType = sourcecode.c.h; name = CSAppDelegate.h; path = Classes/CSAppDelegate.h; sourceTree = SOURCE_ROOT; };
		15F8EF7D151DACD100C6CEBF /* CSAppDelegate.m */ = {isa = PBXFileReference; fileEncoding = 4; lastKnownFileType = sourcecode.c.objc; name = CSAppDelegate.m; path = Classes/CSAppDelegate.m; sourceTree = SOURCE_ROOT; };
		15F8EF7E151DACD100C6CEBF /* CSMainViewController.h */ = {isa = PBXFileReference; fileEncoding = 4; lastKnownFileType = sourcecode.c.h; name = CSMainViewController.h; path = Classes/CSMainViewController.h; sourceTree = SOURCE_ROOT; };
		15F8EF7F151DACD100C6CEBF /* CSMainViewController.m */ = {isa = PBXFileReference; fileEncoding = 4; lastKnownFileType = sourcecode.c.objc; name = CSMainViewController.m; path = Classes/CSMainViewController.m; sourceTree = SOURCE_ROOT; };
		15F8EF84151DACE100C6CEBF /* CSLinearLayoutViewDemo-Info.plist */ = {isa = PBXFileReference; fileEncoding = 4; lastKnownFileType = text.plist.xml; name = "CSLinearLayoutViewDemo-Info.plist"; path = "Supporting/CSLinearLayoutViewDemo-Info.plist"; sourceTree = SOURCE_ROOT; };
		15F8EF85151DACE100C6CEBF /* CSLinearLayoutViewDemo-Prefix.pch */ = {isa = PBXFileReference; fileEncoding = 4; lastKnownFileType = sourcecode.c.h; name = "CSLinearLayoutViewDemo-Prefix.pch"; path = "Supporting/CSLinearLayoutViewDemo-Prefix.pch"; sourceTree = SOURCE_ROOT; };
		15F8EF86151DACE100C6CEBF /* main.m */ = {isa = PBXFileReference; fileEncoding = 4; lastKnownFileType = sourcecode.c.objc; name = main.m; path = Supporting/main.m; sourceTree = SOURCE_ROOT; };
		15F8EF91151DAE5B00C6CEBF /* CSLinearLayoutView.h */ = {isa = PBXFileReference; fileEncoding = 4; lastKnownFileType = sourcecode.c.h; name = CSLinearLayoutView.h; path = ../CSLinearLayoutView/CSLinearLayoutView.h; sourceTree = SOURCE_ROOT; };
		15F8EF92151DAE5B00C6CEBF /* CSLinearLayoutView.m */ = {isa = PBXFileReference; fileEncoding = 4; lastKnownFileType = sourcecode.c.objc; name = CSLinearLayoutView.m; path = ../CSLinearLayoutView/CSLinearLayoutView.m; sourceTree = SOURCE_ROOT; };
		15F8EFAE151ED34D00C6CEBF /* CSVerticalViewController.h */ = {isa = PBXFileReference; fileEncoding = 4; lastKnownFileType = sourcecode.c.h; name = CSVerticalViewController.h; path = Classes/Tests/CSVerticalViewController.h; sourceTree = SOURCE_ROOT; };
		15F8EFAF151ED34D00C6CEBF /* CSVerticalViewController.m */ = {isa = PBXFileReference; fileEncoding = 4; lastKnownFileType = sourcecode.c.objc; name = CSVerticalViewController.m; path = Classes/Tests/CSVerticalViewController.m; sourceTree = SOURCE_ROOT; };
		15F8EFB7151ED9ED00C6CEBF /* UIColor+RandomColor.h */ = {isa = PBXFileReference; fileEncoding = 4; lastKnownFileType = sourcecode.c.h; path = "UIColor+RandomColor.h"; sourceTree = "<group>"; };
		15F8EFB8151ED9ED00C6CEBF /* UIColor+RandomColor.m */ = {isa = PBXFileReference; fileEncoding = 4; lastKnownFileType = sourcecode.c.objc; path = "UIColor+RandomColor.m"; sourceTree = "<group>"; };
		15F8EFBA151EDF6D00C6CEBF /* CSHorizontalViewController.h */ = {isa = PBXFileReference; fileEncoding = 4; lastKnownFileType = sourcecode.c.h; path = CSHorizontalViewController.h; sourceTree = "<group>"; };
		15F8EFBB151EDF6D00C6CEBF /* CSHorizontalViewController.m */ = {isa = PBXFileReference; fileEncoding = 4; lastKnownFileType = sourcecode.c.objc; path = CSHorizontalViewController.m; sourceTree = "<group>"; };
		15F8EFBD151F6F5800C6CEBF /* CSOrientationSwitchViewController.h */ = {isa = PBXFileReference; fileEncoding = 4; lastKnownFileType = sourcecode.c.h; path = CSOrientationSwitchViewController.h; sourceTree = "<group>"; };
		15F8EFBE151F6F5800C6CEBF /* CSOrientationSwitchViewController.m */ = {isa = PBXFileReference; fileEncoding = 4; lastKnownFileType = sourcecode.c.objc; path = CSOrientationSwitchViewController.m; sourceTree = "<group>"; };
		15F8EFBF151F6F5800C6CEBF /* CSOrientationSwitchViewController.xib */ = {isa = PBXFileReference; fileEncoding = 4; lastKnownFileType = file.xib; path = CSOrientationSwitchViewController.xib; sourceTree = "<group>"; };
		15F8EFC2151F911900C6CEBF /* CSAlignmentViewController.h */ = {isa = PBXFileReference; fileEncoding = 4; lastKnownFileType = sourcecode.c.h; path = CSAlignmentViewController.h; sourceTree = "<group>"; };
		15F8EFC3151F911900C6CEBF /* CSAlignmentViewController.m */ = {isa = PBXFileReference; fileEncoding = 4; lastKnownFileType = sourcecode.c.objc; path = CSAlignmentViewController.m; sourceTree = "<group>"; };
		15F8EFC5151F91D900C6CEBF /* QuartzCore.framework */ = {isa = PBXFileReference; lastKnownFileType = wrapper.framework; name = QuartzCore.framework; path = System/Library/Frameworks/QuartzCore.framework; sourceTree = SDKROOT; };
		15F8EFC7151F91F100C6CEBF /* CSAlignmentViewController.xib */ = {isa = PBXFileReference; fileEncoding = 4; lastKnownFileType = file.xib; path = CSAlignmentViewController.xib; sourceTree = "<group>"; };
		E02E749516850224000A8279 /* Default-568h@2x.png */ = {isa = PBXFileReference; lastKnownFileType = image.png; name = "Default-568h@2x.png"; path = "../Default-568h@2x.png"; sourceTree = "<group>"; };
/* End PBXFileReference section */

/* Begin PBXFrameworksBuildPhase section */
		15F8EF4E151DAB2400C6CEBF /* Frameworks */ = {
			isa = PBXFrameworksBuildPhase;
			buildActionMask = 2147483647;
			files = (
				15F8EFC6151F91D900C6CEBF /* QuartzCore.framework in Frameworks */,
				15F8EF56151DAB2400C6CEBF /* UIKit.framework in Frameworks */,
				15F8EF58151DAB2400C6CEBF /* Foundation.framework in Frameworks */,
				15F8EF5A151DAB2400C6CEBF /* CoreGraphics.framework in Frameworks */,
			);
			runOnlyForDeploymentPostprocessing = 0;
		};
/* End PBXFrameworksBuildPhase section */

/* Begin PBXGroup section */
		15073375154DD47100DA2877 /* Resources */ = {
			isa = PBXGroup;
			children = (
				E02E749516850224000A8279 /* Default-568h@2x.png */,
				15073377154DD54400DA2877 /* lorem.txt */,
			);
			path = Resources;
			sourceTree = SOURCE_ROOT;
		};
		15F52BEE154DDE2D0084DFB1 /* Bullet List */ = {
			isa = PBXGroup;
			children = (
				15F52BE3154DDD3E0084DFB1 /* CSBulletListViewController.h */,
				15F52BE4154DDD3E0084DFB1 /* CSBulletListViewController.m */,
				15F52BEF154DEED40084DFB1 /* CSBulletListViewController.xib */,
				15F52BE6154DDDA10084DFB1 /* CSBulletListView.h */,
				15F52BE7154DDDA10084DFB1 /* CSBulletListView.m */,
				15F52BE9154DDE000084DFB1 /* CSBulletListItemView.h */,
				15F52BEA154DDE000084DFB1 /* CSBulletListItemView.m */,
				15F52BEC154DDE260084DFB1 /* CSBulletListItemView.xib */,
			);
			name = "Bullet List";
			sourceTree = "<group>";
		};
		15F8EF46151DAB2400C6CEBF = {
			isa = PBXGroup;
			children = (
				15F8EF72151DAB5700C6CEBF /* CSLinearLayoutView */,
				15F8EF5B151DAB2400C6CEBF /* Demo */,
				15F8EF54151DAB2400C6CEBF /* Frameworks */,
				15F8EF52151DAB2400C6CEBF /* Products */,
			);
			sourceTree = "<group>";
		};
		15F8EF52151DAB2400C6CEBF /* Products */ = {
			isa = PBXGroup;
			children = (
				15F8EF51151DAB2400C6CEBF /* CSLinearLayoutViewDemo.app */,
			);
			name = Products;
			sourceTree = "<group>";
		};
		15F8EF54151DAB2400C6CEBF /* Frameworks */ = {
			isa = PBXGroup;
			children = (
				15F8EF55151DAB2400C6CEBF /* UIKit.framework */,
				15F8EF57151DAB2400C6CEBF /* Foundation.framework */,
				15F8EF59151DAB2400C6CEBF /* CoreGraphics.framework */,
				15F8EFC5151F91D900C6CEBF /* QuartzCore.framework */,
			);
			name = Frameworks;
			sourceTree = "<group>";
		};
		15F8EF5B151DAB2400C6CEBF /* Demo */ = {
			isa = PBXGroup;
			children = (
				15F8EF7C151DACD100C6CEBF /* CSAppDelegate.h */,
				15F8EF7D151DACD100C6CEBF /* CSAppDelegate.m */,
				15F8EF7E151DACD100C6CEBF /* CSMainViewController.h */,
				15F8EF7F151DACD100C6CEBF /* CSMainViewController.m */,
				15F8EFAC151ECCF400C6CEBF /* Tests */,
				15F8EFB6151ED9D800C6CEBF /* Categories */,
				15F8EF5C151DAB2400C6CEBF /* Supporting Files */,
				15073375154DD47100DA2877 /* Resources */,
			);
			name = Demo;
			path = CSLinearLayoutViewDemo;
			sourceTree = "<group>";
		};
		15F8EF5C151DAB2400C6CEBF /* Supporting Files */ = {
			isa = PBXGroup;
			children = (
				15F8EF84151DACE100C6CEBF /* CSLinearLayoutViewDemo-Info.plist */,
				15F8EF85151DACE100C6CEBF /* CSLinearLayoutViewDemo-Prefix.pch */,
				15F8EF86151DACE100C6CEBF /* main.m */,
			);
			name = "Supporting Files";
			sourceTree = "<group>";
		};
		15F8EF72151DAB5700C6CEBF /* CSLinearLayoutView */ = {
			isa = PBXGroup;
			children = (
				15F8EF91151DAE5B00C6CEBF /* CSLinearLayoutView.h */,
				15F8EF92151DAE5B00C6CEBF /* CSLinearLayoutView.m */,
			);
			name = CSLinearLayoutView;
			path = CSLinearLayoutViewDemo;
			sourceTree = "<group>";
		};
		15F8EFAC151ECCF400C6CEBF /* Tests */ = {
			isa = PBXGroup;
			children = (
				15F52BEE154DDE2D0084DFB1 /* Bullet List */,
				15F8EFAE151ED34D00C6CEBF /* CSVerticalViewController.h */,
				15F8EFAF151ED34D00C6CEBF /* CSVerticalViewController.m */,
				15F8EFBA151EDF6D00C6CEBF /* CSHorizontalViewController.h */,
				15F8EFBB151EDF6D00C6CEBF /* CSHorizontalViewController.m */,
				15F8EFBD151F6F5800C6CEBF /* CSOrientationSwitchViewController.h */,
				15F8EFBE151F6F5800C6CEBF /* CSOrientationSwitchViewController.m */,
				15F8EFBF151F6F5800C6CEBF /* CSOrientationSwitchViewController.xib */,
				15F8EFC2151F911900C6CEBF /* CSAlignmentViewController.h */,
				15F8EFC3151F911900C6CEBF /* CSAlignmentViewController.m */,
				15F8EFC7151F91F100C6CEBF /* CSAlignmentViewController.xib */,
			);
			name = Tests;
			path = Classes/Tests;
			sourceTree = SOURCE_ROOT;
		};
		15F8EFB6151ED9D800C6CEBF /* Categories */ = {
			isa = PBXGroup;
			children = (
				15F8EFB7151ED9ED00C6CEBF /* UIColor+RandomColor.h */,
				15F8EFB8151ED9ED00C6CEBF /* UIColor+RandomColor.m */,
				15073379154DD61500DA2877 /* NSString+LoremIpsum.h */,
				1507337A154DD61500DA2877 /* NSString+LoremIpsum.m */,
				15F52BDE154DDC1C0084DFB1 /* UIView+LoadFromNib.h */,
				15F52BDF154DDC1C0084DFB1 /* UIView+LoadFromNib.m */,
			);
			name = Categories;
			path = Classes/Categories;
			sourceTree = SOURCE_ROOT;
		};
/* End PBXGroup section */

/* Begin PBXNativeTarget section */
		15F8EF50151DAB2400C6CEBF /* CSLinearLayoutViewDemo */ = {
			isa = PBXNativeTarget;
			buildConfigurationList = 15F8EF6F151DAB2400C6CEBF /* Build configuration list for PBXNativeTarget "CSLinearLayoutViewDemo" */;
			buildPhases = (
				15F8EF4D151DAB2400C6CEBF /* Sources */,
				15F8EF4E151DAB2400C6CEBF /* Frameworks */,
				15F8EF4F151DAB2400C6CEBF /* Resources */,
			);
			buildRules = (
			);
			dependencies = (
			);
			name = CSLinearLayoutViewDemo;
			productName = CSLinearLayoutViewDemo;
			productReference = 15F8EF51151DAB2400C6CEBF /* CSLinearLayoutViewDemo.app */;
			productType = "com.apple.product-type.application";
		};
/* End PBXNativeTarget section */

/* Begin PBXProject section */
		15F8EF48151DAB2400C6CEBF /* Project object */ = {
			isa = PBXProject;
			attributes = {
				LastUpgradeCheck = 0500;
				ORGANIZATIONNAME = "Charles Scalesse";
			};
			buildConfigurationList = 15F8EF4B151DAB2400C6CEBF /* Build configuration list for PBXProject "CSLinearLayoutView" */;
			compatibilityVersion = "Xcode 3.2";
			developmentRegion = English;
			hasScannedForEncodings = 0;
			knownRegions = (
				en,
			);
			mainGroup = 15F8EF46151DAB2400C6CEBF;
			productRefGroup = 15F8EF52151DAB2400C6CEBF /* Products */;
			projectDirPath = "";
			projectRoot = "";
			targets = (
				15F8EF50151DAB2400C6CEBF /* CSLinearLayoutViewDemo */,
			);
		};
/* End PBXProject section */

/* Begin PBXResourcesBuildPhase section */
		15F8EF4F151DAB2400C6CEBF /* Resources */ = {
			isa = PBXResourcesBuildPhase;
			buildActionMask = 2147483647;
			files = (
				15F8EFC1151F6F5900C6CEBF /* CSOrientationSwitchViewController.xib in Resources */,
				15F8EFC8151F91F100C6CEBF /* CSAlignmentViewController.xib in Resources */,
				15073378154DD54400DA2877 /* lorem.txt in Resources */,
				15F52BED154DDE260084DFB1 /* CSBulletListItemView.xib in Resources */,
				15F52BF0154DEED40084DFB1 /* CSBulletListViewController.xib in Resources */,
				E02E749616850224000A8279 /* Default-568h@2x.png in Resources */,
			);
			runOnlyForDeploymentPostprocessing = 0;
		};
/* End PBXResourcesBuildPhase section */

/* Begin PBXSourcesBuildPhase section */
		15F8EF4D151DAB2400C6CEBF /* Sources */ = {
			isa = PBXSourcesBuildPhase;
			buildActionMask = 2147483647;
			files = (
				15F8EF81151DACD100C6CEBF /* CSAppDelegate.m in Sources */,
				15F8EF82151DACD100C6CEBF /* CSMainViewController.m in Sources */,
				15F8EF88151DACE100C6CEBF /* main.m in Sources */,
				15F8EF94151DAE5B00C6CEBF /* CSLinearLayoutView.m in Sources */,
				15F8EFB0151ED34D00C6CEBF /* CSVerticalViewController.m in Sources */,
				15F8EFB9151ED9ED00C6CEBF /* UIColor+RandomColor.m in Sources */,
				15F8EFBC151EDF6D00C6CEBF /* CSHorizontalViewController.m in Sources */,
				15F8EFC0151F6F5900C6CEBF /* CSOrientationSwitchViewController.m in Sources */,
				15F8EFC4151F911900C6CEBF /* CSAlignmentViewController.m in Sources */,
				1507337B154DD61500DA2877 /* NSString+LoremIpsum.m in Sources */,
				15F52BE0154DDC1C0084DFB1 /* UIView+LoadFromNib.m in Sources */,
				15F52BE5154DDD3E0084DFB1 /* CSBulletListViewController.m in Sources */,
				15F52BE8154DDDA10084DFB1 /* CSBulletListView.m in Sources */,
				15F52BEB154DDE000084DFB1 /* CSBulletListItemView.m in Sources */,
			);
			runOnlyForDeploymentPostprocessing = 0;
		};
/* End PBXSourcesBuildPhase section */

/* Begin XCBuildConfiguration section */
		15F8EF6D151DAB2400C6CEBF /* Debug */ = {
			isa = XCBuildConfiguration;
			buildSettings = {
				ALWAYS_SEARCH_USER_PATHS = NO;
				CLANG_ENABLE_OBJC_ARC = YES;
				CLANG_WARN_BOOL_CONVERSION = YES;
				CLANG_WARN_CONSTANT_CONVERSION = YES;
				CLANG_WARN_EMPTY_BODY = YES;
				CLANG_WARN_ENUM_CONVERSION = YES;
				CLANG_WARN_INT_CONVERSION = YES;
				CLANG_WARN__DUPLICATE_METHOD_MATCH = YES;
				"CODE_SIGN_IDENTITY[sdk=iphoneos*]" = "iPhone Developer";
				COPY_PHASE_STRIP = NO;
				GCC_C_LANGUAGE_STANDARD = gnu99;
				GCC_DYNAMIC_NO_PIC = NO;
				GCC_OPTIMIZATION_LEVEL = 0;
				GCC_PREPROCESSOR_DEFINITIONS = (
					"DEBUG=1",
					"$(inherited)",
				);
				GCC_SYMBOLS_PRIVATE_EXTERN = NO;
				GCC_VERSION = com.apple.compilers.llvm.clang.1_0;
				GCC_WARN_64_TO_32_BIT_CONVERSION = YES;
				GCC_WARN_ABOUT_MISSING_PROTOTYPES = YES;
				GCC_WARN_ABOUT_RETURN_TYPE = YES;
				GCC_WARN_UNDECLARED_SELECTOR = YES;
				GCC_WARN_UNINITIALIZED_AUTOS = YES;
				GCC_WARN_UNUSED_FUNCTION = YES;
				GCC_WARN_UNUSED_VARIABLE = YES;
				IPHONEOS_DEPLOYMENT_TARGET = 5.0;
				ONLY_ACTIVE_ARCH = YES;
				SDKROOT = iphoneos;
			};
			name = Debug;
		};
		15F8EF6E151DAB2400C6CEBF /* Release */ = {
			isa = XCBuildConfiguration;
			buildSettings = {
				ALWAYS_SEARCH_USER_PATHS = NO;
				CLANG_ENABLE_OBJC_ARC = YES;
				CLANG_WARN_BOOL_CONVERSION = YES;
				CLANG_WARN_CONSTANT_CONVERSION = YES;
				CLANG_WARN_EMPTY_BODY = YES;
				CLANG_WARN_ENUM_CONVERSION = YES;
				CLANG_WARN_INT_CONVERSION = YES;
				CLANG_WARN__DUPLICATE_METHOD_MATCH = YES;
				"CODE_SIGN_IDENTITY[sdk=iphoneos*]" = "iPhone Developer";
				COPY_PHASE_STRIP = YES;
				GCC_C_LANGUAGE_STANDARD = gnu99;
				GCC_VERSION = com.apple.compilers.llvm.clang.1_0;
				GCC_WARN_64_TO_32_BIT_CONVERSION = YES;
				GCC_WARN_ABOUT_MISSING_PROTOTYPES = YES;
				GCC_WARN_ABOUT_RETURN_TYPE = YES;
				GCC_WARN_UNDECLARED_SELECTOR = YES;
				GCC_WARN_UNINITIALIZED_AUTOS = YES;
				GCC_WARN_UNUSED_FUNCTION = YES;
				GCC_WARN_UNUSED_VARIABLE = YES;
				IPHONEOS_DEPLOYMENT_TARGET = 5.0;
				OTHER_CFLAGS = "-DNS_BLOCK_ASSERTIONS=1";
				SDKROOT = iphoneos;
				VALIDATE_PRODUCT = YES;
			};
			name = Release;
		};
		15F8EF70151DAB2400C6CEBF /* Debug */ = {
			isa = XCBuildConfiguration;
			buildSettings = {
				GCC_PRECOMPILE_PREFIX_HEADER = YES;
				GCC_PREFIX_HEADER = "Supporting/CSLinearLayoutViewDemo-Prefix.pch";
				INFOPLIST_FILE = "Supporting/CSLinearLayoutViewDemo-Info.plist";
				PRODUCT_NAME = "$(TARGET_NAME)";
				WRAPPER_EXTENSION = app;
			};
			name = Debug;
		};
		15F8EF71151DAB2400C6CEBF /* Release */ = {
			isa = XCBuildConfiguration;
			buildSettings = {
				GCC_PRECOMPILE_PREFIX_HEADER = YES;
				GCC_PREFIX_HEADER = "Supporting/CSLinearLayoutViewDemo-Prefix.pch";
				INFOPLIST_FILE = "Supporting/CSLinearLayoutViewDemo-Info.plist";
				PRODUCT_NAME = "$(TARGET_NAME)";
				WRAPPER_EXTENSION = app;
			};
			name = Release;
		};
/* End XCBuildConfiguration section */

/* Begin XCConfigurationList section */
		15F8EF4B151DAB2400C6CEBF /* Build configuration list for PBXProject "CSLinearLayoutView" */ = {
			isa = XCConfigurationList;
			buildConfigurations = (
				15F8EF6D151DAB2400C6CEBF /* Debug */,
				15F8EF6E151DAB2400C6CEBF /* Release */,
			);
			defaultConfigurationIsVisible = 0;
			defaultConfigurationName = Release;
		};
		15F8EF6F151DAB2400C6CEBF /* Build configuration list for PBXNativeTarget "CSLinearLayoutViewDemo" */ = {
			isa = XCConfigurationList;
			buildConfigurations = (
				15F8EF70151DAB2400C6CEBF /* Debug */,
				15F8EF71151DAB2400C6CEBF /* Release */,
			);
			defaultConfigurationIsVisible = 0;
			defaultConfigurationName = Release;
		};
/* End XCConfigurationList section */
	};
	rootObject = 15F8EF48151DAB2400C6CEBF /* Project object */;
}
